
Microsoft Visual Studio Solution File, Format Version 12.00
# Visual Studio Version 17
VisualStudioVersion = 17.7.34031.279
MinimumVisualStudioVersion = 10.0.40219.1
Project("{FAE04EC0-301F-11D3-BF4B-00C04F79EFBC}") = "API_DCI_DIAGRAM_SVG", "API_DCI_DIAGRAM_SVG\API_DCI_DIAGRAM_SVG.csproj", "{47CDB89A-60AD-47FE-A464-BBBF26AB242F}"
EndProject
Global
	GlobalSection(SolutionConfigurationPlatforms) = preSolution
		Debug|Any CPU = Debug|Any CPU
		Release|Any CPU = Release|Any CPU
	EndGlobalSection
	GlobalSection(ProjectConfigurationPlatforms) = postSolution
		{47CDB89A-60AD-47FE-A464-BBBF26AB242F}.Debug|Any CPU.ActiveCfg = Debug|Any CPU
		{47CDB89A-60AD-47FE-A464-BBBF26AB242F}.Debug|Any CPU.Build.0 = Debug|Any CPU
		{47CDB89A-60AD-47FE-A464-BBBF26AB242F}.Release|Any CPU.ActiveCfg = Release|Any CPU
		{47CDB89A-60AD-47FE-A464-BBBF26AB242F}.Release|Any CPU.Build.0 = Release|Any CPU
	EndGlobalSection
	GlobalSection(SolutionProperties) = preSolution
		HideSolutionNode = FALSE
	EndGlobalSection
	GlobalSection(ExtensibilityGlobals) = postSolution
		SolutionGuid = {11B21925-EE2A-4DAD-A6AD-1BB41AB10974}
	EndGlobalSection
EndGlobal
